
Microsoft Visual Studio Solution File, Format Version 12.00
# Visual Studio 15
VisualStudioVersion = 15.0.26430.13
MinimumVisualStudioVersion = 10.0.40219.1
Project("{2150E333-8FDC-42A3-9474-1A3956D46DE8}") = "Domain", "Domain", "{4FED696D-5B3F-46D2-834C-620DDE7D3D05}"
EndProject
Project("{2150E333-8FDC-42A3-9474-1A3956D46DE8}") = "User Interface", "User Interface", "{1D9A1109-8B01-4FFF-8224-B239137BA82F}"
EndProject
Project("{2150E333-8FDC-42A3-9474-1A3956D46DE8}") = "Repositorie", "Repositorie", "{AC7A907B-7F34-4D04-893E-9C86111F1130}"
EndProject
Project("{2150E333-8FDC-42A3-9474-1A3956D46DE8}") = "Application", "Application", "{959F1FE8-C661-46AA-AA42-6D2D8124CDB2}"
EndProject
Project("{FAE04EC0-301F-11D3-BF4B-00C04F79EFBC}") = "HelpTeacher.Domain", "HelpTeacher.Domain\HelpTeacher.Domain.csproj", "{13E5F589-69ED-4FA4-BB3D-BD9B04A4FFDE}"
EndProject
Project("{FAE04EC0-301F-11D3-BF4B-00C04F79EFBC}") = "HelpTeacher.Repositorie", "HelpTeacher.Repositorie\HelpTeacher.Repositorie.csproj", "{6F3DD3EF-F79A-43A5-BAD4-05E92462B4F1}"
EndProject
Project("{FAE04EC0-301F-11D3-BF4B-00C04F79EFBC}") = "HelpTeacher.Application", "HelpTeacher.Application\HelpTeacher.Application.csproj", "{FE08663F-08B7-4574-BDDF-28894D1C3DDA}"
EndProject
Project("{FAE04EC0-301F-11D3-BF4B-00C04F79EFBC}") = "HelpTeacher.UserInterface", "HelpTeacher.UserInterface\HelpTeacher.UserInterface.csproj", "{ACE0DFC3-F18B-42BF-B495-7553ECA2EC8D}"
EndProject
Project("{FAE04EC0-301F-11D3-BF4B-00C04F79EFBC}") = "HelpTeacher.Domain.Test", "HelpTeacher.Domain.Test\HelpTeacher.Domain.Test.csproj", "{A38E06E2-AC17-4A9C-A9D6-2EFD3DAFF042}"
EndProject
Global
	GlobalSection(SolutionConfigurationPlatforms) = preSolution
		Debug|Any CPU = Debug|Any CPU
		Release|Any CPU = Release|Any CPU
	EndGlobalSection
	GlobalSection(ProjectConfigurationPlatforms) = postSolution
		{13E5F589-69ED-4FA4-BB3D-BD9B04A4FFDE}.Debug|Any CPU.ActiveCfg = Debug|Any CPU
		{13E5F589-69ED-4FA4-BB3D-BD9B04A4FFDE}.Debug|Any CPU.Build.0 = Debug|Any CPU
		{13E5F589-69ED-4FA4-BB3D-BD9B04A4FFDE}.Release|Any CPU.ActiveCfg = Release|Any CPU
		{13E5F589-69ED-4FA4-BB3D-BD9B04A4FFDE}.Release|Any CPU.Build.0 = Release|Any CPU
		{6F3DD3EF-F79A-43A5-BAD4-05E92462B4F1}.Debug|Any CPU.ActiveCfg = Debug|Any CPU
		{6F3DD3EF-F79A-43A5-BAD4-05E92462B4F1}.Debug|Any CPU.Build.0 = Debug|Any CPU
		{6F3DD3EF-F79A-43A5-BAD4-05E92462B4F1}.Release|Any CPU.ActiveCfg = Release|Any CPU
		{6F3DD3EF-F79A-43A5-BAD4-05E92462B4F1}.Release|Any CPU.Build.0 = Release|Any CPU
		{FE08663F-08B7-4574-BDDF-28894D1C3DDA}.Debug|Any CPU.ActiveCfg = Debug|Any CPU
		{FE08663F-08B7-4574-BDDF-28894D1C3DDA}.Debug|Any CPU.Build.0 = Debug|Any CPU
		{FE08663F-08B7-4574-BDDF-28894D1C3DDA}.Release|Any CPU.ActiveCfg = Release|Any CPU
		{FE08663F-08B7-4574-BDDF-28894D1C3DDA}.Release|Any CPU.Build.0 = Release|Any CPU
		{ACE0DFC3-F18B-42BF-B495-7553ECA2EC8D}.Debug|Any CPU.ActiveCfg = Debug|Any CPU
		{ACE0DFC3-F18B-42BF-B495-7553ECA2EC8D}.Debug|Any CPU.Build.0 = Debug|Any CPU
		{ACE0DFC3-F18B-42BF-B495-7553ECA2EC8D}.Release|Any CPU.ActiveCfg = Release|Any CPU
		{ACE0DFC3-F18B-42BF-B495-7553ECA2EC8D}.Release|Any CPU.Build.0 = Release|Any CPU
		{A38E06E2-AC17-4A9C-A9D6-2EFD3DAFF042}.Debug|Any CPU.ActiveCfg = Debug|Any CPU
		{A38E06E2-AC17-4A9C-A9D6-2EFD3DAFF042}.Debug|Any CPU.Build.0 = Debug|Any CPU
		{A38E06E2-AC17-4A9C-A9D6-2EFD3DAFF042}.Release|Any CPU.ActiveCfg = Release|Any CPU
		{A38E06E2-AC17-4A9C-A9D6-2EFD3DAFF042}.Release|Any CPU.Build.0 = Release|Any CPU
	EndGlobalSection
	GlobalSection(SolutionProperties) = preSolution
		HideSolutionNode = FALSE
	EndGlobalSection
	GlobalSection(NestedProjects) = preSolution
		{13E5F589-69ED-4FA4-BB3D-BD9B04A4FFDE} = {4FED696D-5B3F-46D2-834C-620DDE7D3D05}
		{6F3DD3EF-F79A-43A5-BAD4-05E92462B4F1} = {AC7A907B-7F34-4D04-893E-9C86111F1130}
		{FE08663F-08B7-4574-BDDF-28894D1C3DDA} = {959F1FE8-C661-46AA-AA42-6D2D8124CDB2}
		{ACE0DFC3-F18B-42BF-B495-7553ECA2EC8D} = {1D9A1109-8B01-4FFF-8224-B239137BA82F}
		{A38E06E2-AC17-4A9C-A9D6-2EFD3DAFF042} = {4FED696D-5B3F-46D2-834C-620DDE7D3D05}
	EndGlobalSection
EndGlobal
