
Microsoft Visual Studio Solution File, Format Version 12.00
# Visual Studio 15
VisualStudioVersion = 15.0.27703.2042
MinimumVisualStudioVersion = 10.0.40219.1
Project("{FAE04EC0-301F-11D3-BF4B-00C04F79EFBC}") = "HelpTeacher.Window", "HelpTeacher.Window\HelpTeacher.Window.csproj", "{FDE1843C-1AB4-4180-B039-8C6A68629350}"
EndProject
Project("{2150E333-8FDC-42A3-9474-1A3956D46DE8}") = "UI", "UI", "{FBC456B2-1521-49C3-837C-405FDAF960CC}"
EndProject
Project("{2150E333-8FDC-42A3-9474-1A3956D46DE8}") = "Domain", "Domain", "{356830F8-71BF-48EE-B592-E21320B735DD}"
EndProject
Project("{FAE04EC0-301F-11D3-BF4B-00C04F79EFBC}") = "HelpTeacher.Domain", "HelpTeacher.Domain\HelpTeacher.Domain.csproj", "{4771FA15-88E3-4C55-B4CC-0CA9B0002CF9}"
EndProject
Project("{FAE04EC0-301F-11D3-BF4B-00C04F79EFBC}") = "HelpTeacher.Domain.Test", "HelpTeacher.Domain.Test\HelpTeacher.Domain.Test.csproj", "{F9FA4FD4-22D4-4190-A1ED-1377761980B2}"
EndProject
Project("{2150E333-8FDC-42A3-9474-1A3956D46DE8}") = "Repository", "Repository", "{0F6E75BE-1BEA-41F2-A4B5-166037488F39}"
EndProject
Project("{FAE04EC0-301F-11D3-BF4B-00C04F79EFBC}") = "HelpTeacher.Repository", "HelpTeacher.Repository\HelpTeacher.Repository.csproj", "{2C2D5ACF-D54E-42D3-A7DB-C71B289C9F6C}"
EndProject
Project("{FAE04EC0-301F-11D3-BF4B-00C04F79EFBC}") = "HelpTeacher.Repository.Test", "HelpTeacher.Repository.Test\HelpTeacher.Repository.Test.csproj", "{66086E30-FBEC-47E9-9D23-AAEA52B2B7E5}"
EndProject
Project("{2150E333-8FDC-42A3-9474-1A3956D46DE8}") = "Util", "Util", "{E85EBD71-4F79-4606-ABFF-D82B9063889C}"
EndProject
Project("{FAE04EC0-301F-11D3-BF4B-00C04F79EFBC}") = "HelpTeacher.Util", "HelpTeacher.Util\HelpTeacher.Util.csproj", "{7F1A466E-18FB-433E-8220-C0202106E935}"
EndProject
Project("{FAE04EC0-301F-11D3-BF4B-00C04F79EFBC}") = "HelpTeacher.Util.Test", "HelpTeacher.Util.Test\HelpTeacher.Util.Test.csproj", "{C44DAD75-28B3-4BC8-B49F-104B9876A172}"
EndProject
Global
	GlobalSection(SolutionConfigurationPlatforms) = preSolution
		CD_ROM|Any CPU = CD_ROM|Any CPU
		Debug|Any CPU = Debug|Any CPU
		DVD-5|Any CPU = DVD-5|Any CPU
		Release|Any CPU = Release|Any CPU
		SingleImage|Any CPU = SingleImage|Any CPU
	EndGlobalSection
	GlobalSection(ProjectConfigurationPlatforms) = postSolution
		{FDE1843C-1AB4-4180-B039-8C6A68629350}.CD_ROM|Any CPU.ActiveCfg = Release|Any CPU
		{FDE1843C-1AB4-4180-B039-8C6A68629350}.CD_ROM|Any CPU.Build.0 = Release|Any CPU
		{FDE1843C-1AB4-4180-B039-8C6A68629350}.Debug|Any CPU.ActiveCfg = Debug|Any CPU
		{FDE1843C-1AB4-4180-B039-8C6A68629350}.Debug|Any CPU.Build.0 = Debug|Any CPU
		{FDE1843C-1AB4-4180-B039-8C6A68629350}.DVD-5|Any CPU.ActiveCfg = Debug|Any CPU
		{FDE1843C-1AB4-4180-B039-8C6A68629350}.DVD-5|Any CPU.Build.0 = Debug|Any CPU
		{FDE1843C-1AB4-4180-B039-8C6A68629350}.Release|Any CPU.ActiveCfg = Release|Any CPU
		{FDE1843C-1AB4-4180-B039-8C6A68629350}.Release|Any CPU.Build.0 = Release|Any CPU
		{FDE1843C-1AB4-4180-B039-8C6A68629350}.SingleImage|Any CPU.ActiveCfg = Release|Any CPU
		{FDE1843C-1AB4-4180-B039-8C6A68629350}.SingleImage|Any CPU.Build.0 = Release|Any CPU
		{4771FA15-88E3-4C55-B4CC-0CA9B0002CF9}.CD_ROM|Any CPU.ActiveCfg = Release|Any CPU
		{4771FA15-88E3-4C55-B4CC-0CA9B0002CF9}.CD_ROM|Any CPU.Build.0 = Release|Any CPU
		{4771FA15-88E3-4C55-B4CC-0CA9B0002CF9}.Debug|Any CPU.ActiveCfg = Debug|Any CPU
		{4771FA15-88E3-4C55-B4CC-0CA9B0002CF9}.Debug|Any CPU.Build.0 = Debug|Any CPU
		{4771FA15-88E3-4C55-B4CC-0CA9B0002CF9}.DVD-5|Any CPU.ActiveCfg = Debug|Any CPU
		{4771FA15-88E3-4C55-B4CC-0CA9B0002CF9}.DVD-5|Any CPU.Build.0 = Debug|Any CPU
		{4771FA15-88E3-4C55-B4CC-0CA9B0002CF9}.Release|Any CPU.ActiveCfg = Release|Any CPU
		{4771FA15-88E3-4C55-B4CC-0CA9B0002CF9}.Release|Any CPU.Build.0 = Release|Any CPU
		{4771FA15-88E3-4C55-B4CC-0CA9B0002CF9}.SingleImage|Any CPU.ActiveCfg = Release|Any CPU
		{4771FA15-88E3-4C55-B4CC-0CA9B0002CF9}.SingleImage|Any CPU.Build.0 = Release|Any CPU
		{F9FA4FD4-22D4-4190-A1ED-1377761980B2}.CD_ROM|Any CPU.ActiveCfg = Release|Any CPU
		{F9FA4FD4-22D4-4190-A1ED-1377761980B2}.CD_ROM|Any CPU.Build.0 = Release|Any CPU
		{F9FA4FD4-22D4-4190-A1ED-1377761980B2}.Debug|Any CPU.ActiveCfg = Debug|Any CPU
		{F9FA4FD4-22D4-4190-A1ED-1377761980B2}.Debug|Any CPU.Build.0 = Debug|Any CPU
		{F9FA4FD4-22D4-4190-A1ED-1377761980B2}.DVD-5|Any CPU.ActiveCfg = Debug|Any CPU
		{F9FA4FD4-22D4-4190-A1ED-1377761980B2}.DVD-5|Any CPU.Build.0 = Debug|Any CPU
		{F9FA4FD4-22D4-4190-A1ED-1377761980B2}.Release|Any CPU.ActiveCfg = Release|Any CPU
		{F9FA4FD4-22D4-4190-A1ED-1377761980B2}.Release|Any CPU.Build.0 = Release|Any CPU
		{F9FA4FD4-22D4-4190-A1ED-1377761980B2}.SingleImage|Any CPU.ActiveCfg = Release|Any CPU
		{F9FA4FD4-22D4-4190-A1ED-1377761980B2}.SingleImage|Any CPU.Build.0 = Release|Any CPU
		{2C2D5ACF-D54E-42D3-A7DB-C71B289C9F6C}.CD_ROM|Any CPU.ActiveCfg = Release|Any CPU
		{2C2D5ACF-D54E-42D3-A7DB-C71B289C9F6C}.CD_ROM|Any CPU.Build.0 = Release|Any CPU
		{2C2D5ACF-D54E-42D3-A7DB-C71B289C9F6C}.Debug|Any CPU.ActiveCfg = Debug|Any CPU
		{2C2D5ACF-D54E-42D3-A7DB-C71B289C9F6C}.Debug|Any CPU.Build.0 = Debug|Any CPU
		{2C2D5ACF-D54E-42D3-A7DB-C71B289C9F6C}.DVD-5|Any CPU.ActiveCfg = Debug|Any CPU
		{2C2D5ACF-D54E-42D3-A7DB-C71B289C9F6C}.DVD-5|Any CPU.Build.0 = Debug|Any CPU
		{2C2D5ACF-D54E-42D3-A7DB-C71B289C9F6C}.Release|Any CPU.ActiveCfg = Release|Any CPU
		{2C2D5ACF-D54E-42D3-A7DB-C71B289C9F6C}.Release|Any CPU.Build.0 = Release|Any CPU
		{2C2D5ACF-D54E-42D3-A7DB-C71B289C9F6C}.SingleImage|Any CPU.ActiveCfg = Release|Any CPU
		{2C2D5ACF-D54E-42D3-A7DB-C71B289C9F6C}.SingleImage|Any CPU.Build.0 = Release|Any CPU
		{66086E30-FBEC-47E9-9D23-AAEA52B2B7E5}.CD_ROM|Any CPU.ActiveCfg = Release|Any CPU
		{66086E30-FBEC-47E9-9D23-AAEA52B2B7E5}.CD_ROM|Any CPU.Build.0 = Release|Any CPU
		{66086E30-FBEC-47E9-9D23-AAEA52B2B7E5}.Debug|Any CPU.ActiveCfg = Debug|Any CPU
		{66086E30-FBEC-47E9-9D23-AAEA52B2B7E5}.Debug|Any CPU.Build.0 = Debug|Any CPU
		{66086E30-FBEC-47E9-9D23-AAEA52B2B7E5}.DVD-5|Any CPU.ActiveCfg = Debug|Any CPU
		{66086E30-FBEC-47E9-9D23-AAEA52B2B7E5}.DVD-5|Any CPU.Build.0 = Debug|Any CPU
		{66086E30-FBEC-47E9-9D23-AAEA52B2B7E5}.Release|Any CPU.ActiveCfg = Release|Any CPU
		{66086E30-FBEC-47E9-9D23-AAEA52B2B7E5}.Release|Any CPU.Build.0 = Release|Any CPU
		{66086E30-FBEC-47E9-9D23-AAEA52B2B7E5}.SingleImage|Any CPU.ActiveCfg = Release|Any CPU
		{66086E30-FBEC-47E9-9D23-AAEA52B2B7E5}.SingleImage|Any CPU.Build.0 = Release|Any CPU
		{7F1A466E-18FB-433E-8220-C0202106E935}.CD_ROM|Any CPU.ActiveCfg = Release|Any CPU
		{7F1A466E-18FB-433E-8220-C0202106E935}.CD_ROM|Any CPU.Build.0 = Release|Any CPU
		{7F1A466E-18FB-433E-8220-C0202106E935}.Debug|Any CPU.ActiveCfg = Debug|Any CPU
		{7F1A466E-18FB-433E-8220-C0202106E935}.Debug|Any CPU.Build.0 = Debug|Any CPU
		{7F1A466E-18FB-433E-8220-C0202106E935}.DVD-5|Any CPU.ActiveCfg = Debug|Any CPU
		{7F1A466E-18FB-433E-8220-C0202106E935}.DVD-5|Any CPU.Build.0 = Debug|Any CPU
		{7F1A466E-18FB-433E-8220-C0202106E935}.Release|Any CPU.ActiveCfg = Release|Any CPU
		{7F1A466E-18FB-433E-8220-C0202106E935}.Release|Any CPU.Build.0 = Release|Any CPU
		{7F1A466E-18FB-433E-8220-C0202106E935}.SingleImage|Any CPU.ActiveCfg = Release|Any CPU
		{7F1A466E-18FB-433E-8220-C0202106E935}.SingleImage|Any CPU.Build.0 = Release|Any CPU
		{C44DAD75-28B3-4BC8-B49F-104B9876A172}.CD_ROM|Any CPU.ActiveCfg = Release|Any CPU
		{C44DAD75-28B3-4BC8-B49F-104B9876A172}.CD_ROM|Any CPU.Build.0 = Release|Any CPU
		{C44DAD75-28B3-4BC8-B49F-104B9876A172}.Debug|Any CPU.ActiveCfg = Debug|Any CPU
		{C44DAD75-28B3-4BC8-B49F-104B9876A172}.Debug|Any CPU.Build.0 = Debug|Any CPU
		{C44DAD75-28B3-4BC8-B49F-104B9876A172}.DVD-5|Any CPU.ActiveCfg = Debug|Any CPU
		{C44DAD75-28B3-4BC8-B49F-104B9876A172}.DVD-5|Any CPU.Build.0 = Debug|Any CPU
		{C44DAD75-28B3-4BC8-B49F-104B9876A172}.Release|Any CPU.ActiveCfg = Release|Any CPU
		{C44DAD75-28B3-4BC8-B49F-104B9876A172}.Release|Any CPU.Build.0 = Release|Any CPU
		{C44DAD75-28B3-4BC8-B49F-104B9876A172}.SingleImage|Any CPU.ActiveCfg = Release|Any CPU
		{C44DAD75-28B3-4BC8-B49F-104B9876A172}.SingleImage|Any CPU.Build.0 = Release|Any CPU
	EndGlobalSection
	GlobalSection(SolutionProperties) = preSolution
		HideSolutionNode = FALSE
	EndGlobalSection
	GlobalSection(NestedProjects) = preSolution
		{FDE1843C-1AB4-4180-B039-8C6A68629350} = {FBC456B2-1521-49C3-837C-405FDAF960CC}
		{4771FA15-88E3-4C55-B4CC-0CA9B0002CF9} = {356830F8-71BF-48EE-B592-E21320B735DD}
		{F9FA4FD4-22D4-4190-A1ED-1377761980B2} = {356830F8-71BF-48EE-B592-E21320B735DD}
		{2C2D5ACF-D54E-42D3-A7DB-C71B289C9F6C} = {0F6E75BE-1BEA-41F2-A4B5-166037488F39}
		{66086E30-FBEC-47E9-9D23-AAEA52B2B7E5} = {0F6E75BE-1BEA-41F2-A4B5-166037488F39}
		{7F1A466E-18FB-433E-8220-C0202106E935} = {E85EBD71-4F79-4606-ABFF-D82B9063889C}
		{C44DAD75-28B3-4BC8-B49F-104B9876A172} = {E85EBD71-4F79-4606-ABFF-D82B9063889C}
	EndGlobalSection
	GlobalSection(ExtensibilityGlobals) = postSolution
		SolutionGuid = {E82382CA-B941-4D1F-9AD3-5EBA7E109440}
	EndGlobalSection
EndGlobal
